
Microsoft Visual Studio Solution File, Format Version 12.00
# Visual Studio Version 16
VisualStudioVersion = 16.0.33027.164
MinimumVisualStudioVersion = 10.0.40219.1
Project("{9A19103F-16F7-4668-BE54-9A1E7A4F7556}") = "IntroToCSharp", "Svetlin-Nakov\IntroToCSharp\IntroToCSharp\IntroToCSharp.csproj", "{FB572AE8-A349-4CB7-A06C-7F2970B5ED77}"
EndProject
Project("{9A19103F-16F7-4668-BE54-9A1E7A4F7556}") = "bytebank-oo", "alura\csharp-oo\bytebank\bytebank-oo.csproj", "{FDFEBAB5-3696-4508-AD4A-A3C9EE226BDB}"
EndProject
Project("{FAE04EC0-301F-11D3-BF4B-00C04F79EFBC}") = "ByteBank-exception", "alura\csharp-exceptions\ByteBank\ByteBank-exception.csproj", "{E67EBBD9-038D-4176-B441-CD1E9C96FA7F}"
EndProject
Project("{9A19103F-16F7-4668-BE54-9A1E7A4F7556}") = "1-olamundo", "alura\AprendendoCsharp\1-olamundo\1-olamundo.csproj", "{564E0D1A-29FD-42FB-AF47-EA4A958126BF}"
EndProject
Project("{9A19103F-16F7-4668-BE54-9A1E7A4F7556}") = "2-criandovariaveis", "alura\AprendendoCsharp\2-criandovariaveis\2-criandovariaveis.csproj", "{746A6BB7-ACBF-4172-97F8-CCF46B55083A}"
EndProject
Global
	GlobalSection(SolutionConfigurationPlatforms) = preSolution
		Debug|Any CPU = Debug|Any CPU
		Release|Any CPU = Release|Any CPU
	EndGlobalSection
	GlobalSection(ProjectConfigurationPlatforms) = postSolution
		{FB572AE8-A349-4CB7-A06C-7F2970B5ED77}.Debug|Any CPU.ActiveCfg = Debug|Any CPU
		{FB572AE8-A349-4CB7-A06C-7F2970B5ED77}.Debug|Any CPU.Build.0 = Debug|Any CPU
		{FB572AE8-A349-4CB7-A06C-7F2970B5ED77}.Release|Any CPU.ActiveCfg = Release|Any CPU
		{FB572AE8-A349-4CB7-A06C-7F2970B5ED77}.Release|Any CPU.Build.0 = Release|Any CPU
		{FDFEBAB5-3696-4508-AD4A-A3C9EE226BDB}.Debug|Any CPU.ActiveCfg = Debug|Any CPU
		{FDFEBAB5-3696-4508-AD4A-A3C9EE226BDB}.Debug|Any CPU.Build.0 = Debug|Any CPU
		{FDFEBAB5-3696-4508-AD4A-A3C9EE226BDB}.Release|Any CPU.ActiveCfg = Release|Any CPU
		{FDFEBAB5-3696-4508-AD4A-A3C9EE226BDB}.Release|Any CPU.Build.0 = Release|Any CPU
		{E67EBBD9-038D-4176-B441-CD1E9C96FA7F}.Debug|Any CPU.ActiveCfg = Debug|Any CPU
		{E67EBBD9-038D-4176-B441-CD1E9C96FA7F}.Debug|Any CPU.Build.0 = Debug|Any CPU
		{E67EBBD9-038D-4176-B441-CD1E9C96FA7F}.Release|Any CPU.ActiveCfg = Release|Any CPU
		{E67EBBD9-038D-4176-B441-CD1E9C96FA7F}.Release|Any CPU.Build.0 = Release|Any CPU
		{564E0D1A-29FD-42FB-AF47-EA4A958126BF}.Debug|Any CPU.ActiveCfg = Debug|Any CPU
		{564E0D1A-29FD-42FB-AF47-EA4A958126BF}.Debug|Any CPU.Build.0 = Debug|Any CPU
		{564E0D1A-29FD-42FB-AF47-EA4A958126BF}.Release|Any CPU.ActiveCfg = Release|Any CPU
		{564E0D1A-29FD-42FB-AF47-EA4A958126BF}.Release|Any CPU.Build.0 = Release|Any CPU
		{746A6BB7-ACBF-4172-97F8-CCF46B55083A}.Debug|Any CPU.ActiveCfg = Debug|Any CPU
		{746A6BB7-ACBF-4172-97F8-CCF46B55083A}.Debug|Any CPU.Build.0 = Debug|Any CPU
		{746A6BB7-ACBF-4172-97F8-CCF46B55083A}.Release|Any CPU.ActiveCfg = Release|Any CPU
		{746A6BB7-ACBF-4172-97F8-CCF46B55083A}.Release|Any CPU.Build.0 = Release|Any CPU
	EndGlobalSection
	GlobalSection(SolutionProperties) = preSolution
		HideSolutionNode = FALSE
	EndGlobalSection
	GlobalSection(ExtensibilityGlobals) = postSolution
		SolutionGuid = {FB777EAE-7CF2-46AD-B07F-633B9A82EBB0}
	EndGlobalSection
EndGlobal
